
Microsoft Visual Studio Solution File, Format Version 12.00
# Visual Studio Version 17
VisualStudioVersion = 17.13.35825.156
MinimumVisualStudioVersion = 10.0.40219.1
Project("{FAE04EC0-301F-11D3-BF4B-00C04F79EFBC}") = "CourseApp", "CourseApp\CourseApp.csproj", "{F6E58ED2-E152-9F84-D785-DE08573D6E48}"
EndProject
Project("{FAE04EC0-301F-11D3-BF4B-00C04F79EFBC}") = "CourseAppCore", "CourseAppCore\CourseAppCore.csproj", "{EFFBB19F-3D87-00A4-BD5C-78C13EA1F4A0}"
EndProject
Project("{FAE04EC0-301F-11D3-BF4B-00C04F79EFBC}") = "CourseAppRepository", "CourseAppRepository\CourseAppRepository.csproj", "{FA276C12-C7D0-2072-0717-C4337B3C2DDA}"
EndProject
Project("{FAE04EC0-301F-11D3-BF4B-00C04F79EFBC}") = "CourseAppService", "CourseAppService\CourseAppService.csproj", "{9F28CCF7-A144-3DD8-9E5A-01E294BBA42E}"
EndProject
Global
	GlobalSection(SolutionConfigurationPlatforms) = preSolution
		Debug|Any CPU = Debug|Any CPU
		Release|Any CPU = Release|Any CPU
	EndGlobalSection
	GlobalSection(ProjectConfigurationPlatforms) = postSolution
		{F6E58ED2-E152-9F84-D785-DE08573D6E48}.Debug|Any CPU.ActiveCfg = Debug|Any CPU
		{F6E58ED2-E152-9F84-D785-DE08573D6E48}.Debug|Any CPU.Build.0 = Debug|Any CPU
		{F6E58ED2-E152-9F84-D785-DE08573D6E48}.Release|Any CPU.ActiveCfg = Release|Any CPU
		{F6E58ED2-E152-9F84-D785-DE08573D6E48}.Release|Any CPU.Build.0 = Release|Any CPU
		{EFFBB19F-3D87-00A4-BD5C-78C13EA1F4A0}.Debug|Any CPU.ActiveCfg = Debug|Any CPU
		{EFFBB19F-3D87-00A4-BD5C-78C13EA1F4A0}.Debug|Any CPU.Build.0 = Debug|Any CPU
		{EFFBB19F-3D87-00A4-BD5C-78C13EA1F4A0}.Release|Any CPU.ActiveCfg = Release|Any CPU
		{EFFBB19F-3D87-00A4-BD5C-78C13EA1F4A0}.Release|Any CPU.Build.0 = Release|Any CPU
		{FA276C12-C7D0-2072-0717-C4337B3C2DDA}.Debug|Any CPU.ActiveCfg = Debug|Any CPU
		{FA276C12-C7D0-2072-0717-C4337B3C2DDA}.Debug|Any CPU.Build.0 = Debug|Any CPU
		{FA276C12-C7D0-2072-0717-C4337B3C2DDA}.Release|Any CPU.ActiveCfg = Release|Any CPU
		{FA276C12-C7D0-2072-0717-C4337B3C2DDA}.Release|Any CPU.Build.0 = Release|Any CPU
		{9F28CCF7-A144-3DD8-9E5A-01E294BBA42E}.Debug|Any CPU.ActiveCfg = Debug|Any CPU
		{9F28CCF7-A144-3DD8-9E5A-01E294BBA42E}.Debug|Any CPU.Build.0 = Debug|Any CPU
		{9F28CCF7-A144-3DD8-9E5A-01E294BBA42E}.Release|Any CPU.ActiveCfg = Release|Any CPU
		{9F28CCF7-A144-3DD8-9E5A-01E294BBA42E}.Release|Any CPU.Build.0 = Release|Any CPU
	EndGlobalSection
	GlobalSection(SolutionProperties) = preSolution
		HideSolutionNode = FALSE
	EndGlobalSection
	GlobalSection(ExtensibilityGlobals) = postSolution
		SolutionGuid = {0E3A9FE0-3C4A-4480-B578-E92FB96A3A30}
	EndGlobalSection
EndGlobal
